// !$*UTF8*$!
{
	archiveVersion = 1;
	classes = {
	};
	objectVersion = 55;
	objects = {

/* Begin PBXBuildFile section */
		97FC89FB27A2EDCA0092FD26 /* AppDelegate.swift in Sources */ = {isa = PBXBuildFile; fileRef = 97FC89FA27A2EDCA0092FD26 /* AppDelegate.swift */; };
		97FC89FD27A2EDCA0092FD26 /* SceneDelegate.swift in Sources */ = {isa = PBXBuildFile; fileRef = 97FC89FC27A2EDCA0092FD26 /* SceneDelegate.swift */; };
		97FC89FF27A2EDCA0092FD26 /* ViewController.swift in Sources */ = {isa = PBXBuildFile; fileRef = 97FC89FE27A2EDCA0092FD26 /* ViewController.swift */; };
		97FC8A0227A2EDCA0092FD26 /* Main.storyboard in Resources */ = {isa = PBXBuildFile; fileRef = 97FC8A0027A2EDCA0092FD26 /* Main.storyboard */; };
		97FC8A0427A2EDCC0092FD26 /* Assets.xcassets in Resources */ = {isa = PBXBuildFile; fileRef = 97FC8A0327A2EDCC0092FD26 /* Assets.xcassets */; };
		97FC8A0727A2EDCC0092FD26 /* LaunchScreen.storyboard in Resources */ = {isa = PBXBuildFile; fileRef = 97FC8A0527A2EDCC0092FD26 /* LaunchScreen.storyboard */; };
		97FC8A0F27A2F6980092FD26 /* GameScreen.swift in Sources */ = {isa = PBXBuildFile; fileRef = 97FC8A0E27A2F6980092FD26 /* GameScreen.swift */; };
		97FC8A1127A2F6A60092FD26 /* GameScreen.storyboard in Resources */ = {isa = PBXBuildFile; fileRef = 97FC8A1027A2F6A60092FD26 /* GameScreen.storyboard */; };
/* End PBXBuildFile section */

/* Begin PBXFileReference section */
		97FC89F727A2EDCA0092FD26 /* homework9.3.6.1.app */ = {isa = PBXFileReference; explicitFileType = wrapper.application; includeInIndex = 0; path = homework9.3.6.1.app; sourceTree = BUILT_PRODUCTS_DIR; };
		97FC89FA27A2EDCA0092FD26 /* AppDelegate.swift */ = {isa = PBXFileReference; lastKnownFileType = sourcecode.swift; path = AppDelegate.swift; sourceTree = "<group>"; };
		97FC89FC27A2EDCA0092FD26 /* SceneDelegate.swift */ = {isa = PBXFileReference; lastKnownFileType = sourcecode.swift; path = SceneDelegate.swift; sourceTree = "<group>"; };
		97FC89FE27A2EDCA0092FD26 /* ViewController.swift */ = {isa = PBXFileReference; lastKnownFileType = sourcecode.swift; path = ViewController.swift; sourceTree = "<group>"; };
		97FC8A0127A2EDCA0092FD26 /* Base */ = {isa = PBXFileReference; lastKnownFileType = file.storyboard; name = Base; path = Base.lproj/Main.storyboard; sourceTree = "<group>"; };
		97FC8A0327A2EDCC0092FD26 /* Assets.xcassets */ = {isa = PBXFileReference; lastKnownFileType = folder.assetcatalog; path = Assets.xcassets; sourceTree = "<group>"; };
		97FC8A0627A2EDCC0092FD26 /* Base */ = {isa = PBXFileReference; lastKnownFileType = file.storyboard; name = Base; path = Base.lproj/LaunchScreen.storyboard; sourceTree = "<group>"; };
		97FC8A0827A2EDCC0092FD26 /* Info.plist */ = {isa = PBXFileReference; lastKnownFileType = text.plist.xml; path = Info.plist; sourceTree = "<group>"; };
		97FC8A0E27A2F6980092FD26 /* GameScreen.swift */ = {isa = PBXFileReference; lastKnownFileType = sourcecode.swift; path = GameScreen.swift; sourceTree = "<group>"; };
		97FC8A1027A2F6A60092FD26 /* GameScreen.storyboard */ = {isa = PBXFileReference; lastKnownFileType = file.storyboard; path = GameScreen.storyboard; sourceTree = "<group>"; };
/* End PBXFileReference section */

/* Begin PBXFrameworksBuildPhase section */
		97FC89F427A2EDCA0092FD26 /* Frameworks */ = {
			isa = PBXFrameworksBuildPhase;
			buildActionMask = 2147483647;
			files = (
			);
			runOnlyForDeploymentPostprocessing = 0;
		};
/* End PBXFrameworksBuildPhase section */

/* Begin PBXGroup section */
		97FC89EE27A2EDCA0092FD26 = {
			isa = PBXGroup;
			children = (
				97FC89F927A2EDCA0092FD26 /* homework9.3.6.1 */,
				97FC89F827A2EDCA0092FD26 /* Products */,
			);
			sourceTree = "<group>";
		};
		97FC89F827A2EDCA0092FD26 /* Products */ = {
			isa = PBXGroup;
			children = (
				97FC89F727A2EDCA0092FD26 /* homework9.3.6.1.app */,
			);
			name = Products;
			sourceTree = "<group>";
		};
		97FC89F927A2EDCA0092FD26 /* homework9.3.6.1 */ = {
			isa = PBXGroup;
			children = (
				97FC89FA27A2EDCA0092FD26 /* AppDelegate.swift */,
				97FC89FC27A2EDCA0092FD26 /* SceneDelegate.swift */,
				97FC89FE27A2EDCA0092FD26 /* ViewController.swift */,
				97FC8A0027A2EDCA0092FD26 /* Main.storyboard */,
				97FC8A1227A2F6B00092FD26 /* GameScreen */,
				97FC8A0327A2EDCC0092FD26 /* Assets.xcassets */,
				97FC8A0527A2EDCC0092FD26 /* LaunchScreen.storyboard */,
				97FC8A0827A2EDCC0092FD26 /* Info.plist */,
			);
			path = homework9.3.6.1;
			sourceTree = "<group>";
		};
		97FC8A1227A2F6B00092FD26 /* GameScreen */ = {
			isa = PBXGroup;
			children = (
				97FC8A0E27A2F6980092FD26 /* GameScreen.swift */,
				97FC8A1027A2F6A60092FD26 /* GameScreen.storyboard */,
			);
			path = GameScreen;
			sourceTree = "<group>";
		};
/* End PBXGroup section */

/* Begin PBXNativeTarget section */
		97FC89F627A2EDCA0092FD26 /* homework9.3.6.1 */ = {
			isa = PBXNativeTarget;
			buildConfigurationList = 97FC8A0B27A2EDCC0092FD26 /* Build configuration list for PBXNativeTarget "homework9.3.6.1" */;
			buildPhases = (
				97FC89F327A2EDCA0092FD26 /* Sources */,
				97FC89F427A2EDCA0092FD26 /* Frameworks */,
				97FC89F527A2EDCA0092FD26 /* Resources */,
			);
			buildRules = (
			);
			dependencies = (
			);
			name = homework9.3.6.1;
			productName = homework9.3.6.1;
			productReference = 97FC89F727A2EDCA0092FD26 /* homework9.3.6.1.app */;
			productType = "com.apple.product-type.application";
		};
/* End PBXNativeTarget section */

/* Begin PBXProject section */
		97FC89EF27A2EDCA0092FD26 /* Project object */ = {
			isa = PBXProject;
			attributes = {
				BuildIndependentTargetsInParallel = 1;
				LastSwiftUpdateCheck = 1320;
				LastUpgradeCheck = 1320;
				TargetAttributes = {
					97FC89F627A2EDCA0092FD26 = {
						CreatedOnToolsVersion = 13.2.1;
					};
				};
			};
			buildConfigurationList = 97FC89F227A2EDCA0092FD26 /* Build configuration list for PBXProject "homework9.3.6.1" */;
			compatibilityVersion = "Xcode 13.0";
			developmentRegion = en;
			hasScannedForEncodings = 0;
			knownRegions = (
				en,
				Base,
			);
			mainGroup = 97FC89EE27A2EDCA0092FD26;
			productRefGroup = 97FC89F827A2EDCA0092FD26 /* Products */;
			projectDirPath = "";
			projectRoot = "";
			targets = (
				97FC89F627A2EDCA0092FD26 /* homework9.3.6.1 */,
			);
		};
/* End PBXProject section */

/* Begin PBXResourcesBuildPhase section */
		97FC89F527A2EDCA0092FD26 /* Resources */ = {
			isa = PBXResourcesBuildPhase;
			buildActionMask = 2147483647;
			files = (
				97FC8A0727A2EDCC0092FD26 /* LaunchScreen.storyboard in Resources */,
				97FC8A0427A2EDCC0092FD26 /* Assets.xcassets in Resources */,
				97FC8A1127A2F6A60092FD26 /* GameScreen.storyboard in Resources */,
				97FC8A0227A2EDCA0092FD26 /* Main.storyboard in Resources */,
			);
			runOnlyForDeploymentPostprocessing = 0;
		};
/* End PBXResourcesBuildPhase section */

/* Begin PBXSourcesBuildPhase section */
		97FC89F327A2EDCA0092FD26 /* Sources */ = {
			isa = PBXSourcesBuildPhase;
			buildActionMask = 2147483647;
			files = (
				97FC89FF27A2EDCA0092FD26 /* ViewController.swift in Sources */,
				97FC8A0F27A2F6980092FD26 /* GameScreen.swift in Sources */,
				97FC89FB27A2EDCA0092FD26 /* AppDelegate.swift in Sources */,
				97FC89FD27A2EDCA0092FD26 /* SceneDelegate.swift in Sources */,
			);
			runOnlyForDeploymentPostprocessing = 0;
		};
/* End PBXSourcesBuildPhase section */

/* Begin PBXVariantGroup section */
		97FC8A0027A2EDCA0092FD26 /* Main.storyboard */ = {
			isa = PBXVariantGroup;
			children = (
				97FC8A0127A2EDCA0092FD26 /* Base */,
			);
			name = Main.storyboard;
			sourceTree = "<group>";
		};
		97FC8A0527A2EDCC0092FD26 /* LaunchScreen.storyboard */ = {
			isa = PBXVariantGroup;
			children = (
				97FC8A0627A2EDCC0092FD26 /* Base */,
			);
			name = LaunchScreen.storyboard;
			sourceTree = "<group>";
		};
/* End PBXVariantGroup section */

/* Begin XCBuildConfiguration section */
		97FC8A0927A2EDCC0092FD26 /* Debug */ = {
			isa = XCBuildConfiguration;
			buildSettings = {
				ALWAYS_SEARCH_USER_PATHS = NO;
				CLANG_ANALYZER_NONNULL = YES;
				CLANG_ANALYZER_NUMBER_OBJECT_CONVERSION = YES_AGGRESSIVE;
				CLANG_CXX_LANGUAGE_STANDARD = "gnu++17";
				CLANG_CXX_LIBRARY = "libc++";
				CLANG_ENABLE_MODULES = YES;
				CLANG_ENABLE_OBJC_ARC = YES;
				CLANG_ENABLE_OBJC_WEAK = YES;
				CLANG_WARN_BLOCK_CAPTURE_AUTORELEASING = YES;
				CLANG_WARN_BOOL_CONVERSION = YES;
				CLANG_WARN_COMMA = YES;
				CLANG_WARN_CONSTANT_CONVERSION = YES;
				CLANG_WARN_DEPRECATED_OBJC_IMPLEMENTATIONS = YES;
				CLANG_WARN_DIRECT_OBJC_ISA_USAGE = YES_ERROR;
				CLANG_WARN_DOCUMENTATION_COMMENTS = YES;
				CLANG_WARN_EMPTY_BODY = YES;
				CLANG_WARN_ENUM_CONVERSION = YES;
				CLANG_WARN_INFINITE_RECURSION = YES;
				CLANG_WARN_INT_CONVERSION = YES;
				CLANG_WARN_NON_LITERAL_NULL_CONVERSION = YES;
				CLANG_WARN_OBJC_IMPLICIT_RETAIN_SELF = YES;
				CLANG_WARN_OBJC_LITERAL_CONVERSION = YES;
				CLANG_WARN_OBJC_ROOT_CLASS = YES_ERROR;
				CLANG_WARN_QUOTED_INCLUDE_IN_FRAMEWORK_HEADER = YES;
				CLANG_WARN_RANGE_LOOP_ANALYSIS = YES;
				CLANG_WARN_STRICT_PROTOTYPES = YES;
				CLANG_WARN_SUSPICIOUS_MOVE = YES;
				CLANG_WARN_UNGUARDED_AVAILABILITY = YES_AGGRESSIVE;
				CLANG_WARN_UNREACHABLE_CODE = YES;
				CLANG_WARN__DUPLICATE_METHOD_MATCH = YES;
				COPY_PHASE_STRIP = NO;
				DEBUG_INFORMATION_FORMAT = dwarf;
				ENABLE_STRICT_OBJC_MSGSEND = YES;
				ENABLE_TESTABILITY = YES;
				GCC_C_LANGUAGE_STANDARD = gnu11;
				GCC_DYNAMIC_NO_PIC = NO;
				GCC_NO_COMMON_BLOCKS = YES;
				GCC_OPTIMIZATION_LEVEL = 0;
				GCC_PREPROCESSOR_DEFINITIONS = (
					"DEBUG=1",
					"$(inherited)",
				);
				GCC_WARN_64_TO_32_BIT_CONVERSION = YES;
				GCC_WARN_ABOUT_RETURN_TYPE = YES_ERROR;
				GCC_WARN_UNDECLARED_SELECTOR = YES;
				GCC_WARN_UNINITIALIZED_AUTOS = YES_AGGRESSIVE;
				GCC_WARN_UNUSED_FUNCTION = YES;
				GCC_WARN_UNUSED_VARIABLE = YES;
				IPHONEOS_DEPLOYMENT_TARGET = 15.2;
				MTL_ENABLE_DEBUG_INFO = INCLUDE_SOURCE;
				MTL_FAST_MATH = YES;
				ONLY_ACTIVE_ARCH = YES;
				SDKROOT = iphoneos;
				SWIFT_ACTIVE_COMPILATION_CONDITIONS = DEBUG;
				SWIFT_OPTIMIZATION_LEVEL = "-Onone";
			};
			name = Debug;
		};
		97FC8A0A27A2EDCC0092FD26 /* Release */ = {
			isa = XCBuildConfiguration;
			buildSettings = {
				ALWAYS_SEARCH_USER_PATHS = NO;
				CLANG_ANALYZER_NONNULL = YES;
				CLANG_ANALYZER_NUMBER_OBJECT_CONVERSION = YES_AGGRESSIVE;
				CLANG_CXX_LANGUAGE_STANDARD = "gnu++17";
				CLANG_CXX_LIBRARY = "libc++";
				CLANG_ENABLE_MODULES = YES;
				CLANG_ENABLE_OBJC_ARC = YES;
				CLANG_ENABLE_OBJC_WEAK = YES;
				CLANG_WARN_BLOCK_CAPTURE_AUTORELEASING = YES;
				CLANG_WARN_BOOL_CONVERSION = YES;
				CLANG_WARN_COMMA = YES;
				CLANG_WARN_CONSTANT_CONVERSION = YES;
				CLANG_WARN_DEPRECATED_OBJC_IMPLEMENTATIONS = YES;
				CLANG_WARN_DIRECT_OBJC_ISA_USAGE = YES_ERROR;
				CLANG_WARN_DOCUMENTATION_COMMENTS = YES;
				CLANG_WARN_EMPTY_BODY = YES;
				CLANG_WARN_ENUM_CONVERSION = YES;
				CLANG_WARN_INFINITE_RECURSION = YES;
				CLANG_WARN_INT_CONVERSION = YES;
				CLANG_WARN_NON_LITERAL_NULL_CONVERSION = YES;
				CLANG_WARN_OBJC_IMPLICIT_RETAIN_SELF = YES;
				CLANG_WARN_OBJC_LITERAL_CONVERSION = YES;
				CLANG_WARN_OBJC_ROOT_CLASS = YES_ERROR;
				CLANG_WARN_QUOTED_INCLUDE_IN_FRAMEWORK_HEADER = YES;
				CLANG_WARN_RANGE_LOOP_ANALYSIS = YES;
				CLANG_WARN_STRICT_PROTOTYPES = YES;
				CLANG_WARN_SUSPICIOUS_MOVE = YES;
				CLANG_WARN_UNGUARDED_AVAILABILITY = YES_AGGRESSIVE;
				CLANG_WARN_UNREACHABLE_CODE = YES;
				CLANG_WARN__DUPLICATE_METHOD_MATCH = YES;
				COPY_PHASE_STRIP = NO;
				DEBUG_INFORMATION_FORMAT = "dwarf-with-dsym";
				ENABLE_NS_ASSERTIONS = NO;
				ENABLE_STRICT_OBJC_MSGSEND = YES;
				GCC_C_LANGUAGE_STANDARD = gnu11;
				GCC_NO_COMMON_BLOCKS = YES;
				GCC_WARN_64_TO_32_BIT_CONVERSION = YES;
				GCC_WARN_ABOUT_RETURN_TYPE = YES_ERROR;
				GCC_WARN_UNDECLARED_SELECTOR = YES;
				GCC_WARN_UNINITIALIZED_AUTOS = YES_AGGRESSIVE;
				GCC_WARN_UNUSED_FUNCTION = YES;
				GCC_WARN_UNUSED_VARIABLE = YES;
				IPHONEOS_DEPLOYMENT_TARGET = 15.2;
				MTL_ENABLE_DEBUG_INFO = NO;
				MTL_FAST_MATH = YES;
				SDKROOT = iphoneos;
				SWIFT_COMPILATION_MODE = wholemodule;
				SWIFT_OPTIMIZATION_LEVEL = "-O";
				VALIDATE_PRODUCT = YES;
			};
			name = Release;
		};
		97FC8A0C27A2EDCC0092FD26 /* Debug */ = {
			isa = XCBuildConfiguration;
			buildSettings = {
				ASSETCATALOG_COMPILER_APPICON_NAME = AppIcon;
				ASSETCATALOG_COMPILER_GLOBAL_ACCENT_COLOR_NAME = AccentColor;
				CODE_SIGN_STYLE = Automatic;
				CURRENT_PROJECT_VERSION = 1;
				GENERATE_INFOPLIST_FILE = YES;
				INFOPLIST_FILE = homework9.3.6.1/Info.plist;
				INFOPLIST_KEY_UIApplicationSupportsIndirectInputEvents = YES;
				INFOPLIST_KEY_UILaunchStoryboardName = LaunchScreen;
				INFOPLIST_KEY_UIMainStoryboardFile = Main;
				INFOPLIST_KEY_UISupportedInterfaceOrientations_iPad = "UIInterfaceOrientationPortrait UIInterfaceOrientationPortraitUpsideDown UIInterfaceOrientationLandscapeLeft UIInterfaceOrientationLandscapeRight";
				INFOPLIST_KEY_UISupportedInterfaceOrientations_iPhone = "UIInterfaceOrientationPortrait UIInterfaceOrientationLandscapeLeft UIInterfaceOrientationLandscapeRight";
				LD_RUNPATH_SEARCH_PATHS = (
					"$(inherited)",
					"@executable_path/Frameworks",
				);
				MARKETING_VERSION = 1.0;
				PRODUCT_BUNDLE_IDENTIFIER = "course.homework9-3-6-1";
				PRODUCT_NAME = "$(TARGET_NAME)";
				SWIFT_EMIT_LOC_STRINGS = YES;
				SWIFT_VERSION = 5.0;
				TARGETED_DEVICE_FAMILY = "1,2";
			};
			name = Debug;
		};
		97FC8A0D27A2EDCC0092FD26 /* Release */ = {
			isa = XCBuildConfiguration;
			buildSettings = {
				ASSETCATALOG_COMPILER_APPICON_NAME = AppIcon;
				ASSETCATALOG_COMPILER_GLOBAL_ACCENT_COLOR_NAME = AccentColor;
				CODE_SIGN_STYLE = Automatic;
				CURRENT_PROJECT_VERSION = 1;
				GENERATE_INFOPLIST_FILE = YES;
				INFOPLIST_FILE = homework9.3.6.1/Info.plist;
				INFOPLIST_KEY_UIApplicationSupportsIndirectInputEvents = YES;
				INFOPLIST_KEY_UILaunchStoryboardName = LaunchScreen;
				INFOPLIST_KEY_UIMainStoryboardFile = Main;
				INFOPLIST_KEY_UISupportedInterfaceOrientations_iPad = "UIInterfaceOrientationPortrait UIInterfaceOrientationPortraitUpsideDown UIInterfaceOrientationLandscapeLeft UIInterfaceOrientationLandscapeRight";
				INFOPLIST_KEY_UISupportedInterfaceOrientations_iPhone = "UIInterfaceOrientationPortrait UIInterfaceOrientationLandscapeLeft UIInterfaceOrientationLandscapeRight";
				LD_RUNPATH_SEARCH_PATHS = (
					"$(inherited)",
					"@executable_path/Frameworks",
				);
				MARKETING_VERSION = 1.0;
				PRODUCT_BUNDLE_IDENTIFIER = "course.homework9-3-6-1";
				PRODUCT_NAME = "$(TARGET_NAME)";
				SWIFT_EMIT_LOC_STRINGS = YES;
				SWIFT_VERSION = 5.0;
				TARGETED_DEVICE_FAMILY = "1,2";
			};
			name = Release;
		};
/* End XCBuildConfiguration section */

/* Begin XCConfigurationList section */
		97FC89F227A2EDCA0092FD26 /* Build configuration list for PBXProject "homework9.3.6.1" */ = {
			isa = XCConfigurationList;
			buildConfigurations = (
				97FC8A0927A2EDCC0092FD26 /* Debug */,
				97FC8A0A27A2EDCC0092FD26 /* Release */,
			);
			defaultConfigurationIsVisible = 0;
			defaultConfigurationName = Release;
		};
		97FC8A0B27A2EDCC0092FD26 /* Build configuration list for PBXNativeTarget "homework9.3.6.1" */ = {
			isa = XCConfigurationList;
			buildConfigurations = (
				97FC8A0C27A2EDCC0092FD26 /* Debug */,
				97FC8A0D27A2EDCC0092FD26 /* Release */,
			);
			defaultConfigurationIsVisible = 0;
			defaultConfigurationName = Release;
		};
/* End XCConfigurationList section */
	};
	rootObject = 97FC89EF27A2EDCA0092FD26 /* Project object */;
}
